
Microsoft Visual Studio Solution File, Format Version 12.00
# Visual Studio 2012
VisualStudioVersion = 12.0.31101.0
MinimumVisualStudioVersion = 10.0.40219.1
Project("{FAE04EC0-301F-11D3-BF4B-00C04F79EFBC}") = "XamlPreprocessor", "XamlPreprocessor\XamlPreprocessor.csproj", "{417F7621-42CC-4E59-842A-80AB4540DC78}"
EndProject
Project("{FAE04EC0-301F-11D3-BF4B-00C04F79EFBC}") = "TestProject", "TestProject\TestProject.csproj", "{4A815E44-31D7-47FD-8A62-45E44D765A73}"
EndProject
Project("{2150E333-8FDC-42A3-9474-1A3956D46DE8}") = "Solution Items", "Solution Items", "{1D628A83-CB44-4ED8-91E0-EEBABF1932A1}"
	ProjectSection(SolutionItems) = preProject
		Local.testsettings = Local.testsettings
		TraceAndTestImpact.testsettings = TraceAndTestImpact.testsettings
		XamlPreprocessor.vsmdi = XamlPreprocessor.vsmdi
	EndProjectSection
EndProject
Project("{2150E333-8FDC-42A3-9474-1A3956D46DE8}") = "IntegrationDemoApp", "IntegrationDemoApp", "{2C8992C2-9216-41B5-84AE-AA6096D1D0D1}"
EndProject
Project("{D954291E-2A0B-460D-934E-DC6B0785DB48}") = "IntegrationDemoApp.Shared", "IntegrationDemoApp\IntegrationDemoApp.Shared\IntegrationDemoApp.Shared.shproj", "{6C0144D9-F098-4905-8926-E78B74587BD4}"
EndProject
Project("{FAE04EC0-301F-11D3-BF4B-00C04F79EFBC}") = "IntegrationDemoApp.Windows", "IntegrationDemoApp\IntegrationDemoApp.Windows\IntegrationDemoApp.Windows.csproj", "{A6D81D0F-40C0-45A1-B2C5-A82EF91BC3F0}"
EndProject
Project("{FAE04EC0-301F-11D3-BF4B-00C04F79EFBC}") = "IntegrationDemoApp.WindowsPhone", "IntegrationDemoApp\IntegrationDemoApp.WindowsPhone\IntegrationDemoApp.WindowsPhone.csproj", "{A820F3C0-4402-428E-BF6D-0C11B776F884}"
EndProject
Project("{FAE04EC0-301F-11D3-BF4B-00C04F79EFBC}") = "XamarinDemo.Android", "IntegrationDemoApp\XamarinDemo.Android\XamarinDemo.Android.csproj", "{374A3709-971F-4C84-9C22-AC08C7DD4B08}"
EndProject
Global
	GlobalSection(SolutionConfigurationPlatforms) = preSolution
		Debug|Any CPU = Debug|Any CPU
		Debug|ARM = Debug|ARM
		Debug|Mixed Platforms = Debug|Mixed Platforms
		Debug|x64 = Debug|x64
		Debug|x86 = Debug|x86
		Release|Any CPU = Release|Any CPU
		Release|ARM = Release|ARM
		Release|Mixed Platforms = Release|Mixed Platforms
		Release|x64 = Release|x64
		Release|x86 = Release|x86
	EndGlobalSection
	GlobalSection(ProjectConfigurationPlatforms) = postSolution
		{374A3709-971F-4C84-9C22-AC08C7DD4B08}.Debug|Any CPU.ActiveCfg = Debug|Any CPU
		{374A3709-971F-4C84-9C22-AC08C7DD4B08}.Debug|Any CPU.Build.0 = Debug|Any CPU
		{374A3709-971F-4C84-9C22-AC08C7DD4B08}.Debug|ARM.ActiveCfg = Debug|Any CPU
		{374A3709-971F-4C84-9C22-AC08C7DD4B08}.Debug|ARM.Build.0 = Debug|Any CPU
		{374A3709-971F-4C84-9C22-AC08C7DD4B08}.Debug|Mixed Platforms.ActiveCfg = Debug|Any CPU
		{374A3709-971F-4C84-9C22-AC08C7DD4B08}.Debug|Mixed Platforms.Build.0 = Debug|Any CPU
		{374A3709-971F-4C84-9C22-AC08C7DD4B08}.Debug|x64.ActiveCfg = Debug|Any CPU
		{374A3709-971F-4C84-9C22-AC08C7DD4B08}.Debug|x64.Build.0 = Debug|Any CPU
		{374A3709-971F-4C84-9C22-AC08C7DD4B08}.Debug|x86.ActiveCfg = Debug|Any CPU
		{374A3709-971F-4C84-9C22-AC08C7DD4B08}.Debug|x86.Build.0 = Debug|Any CPU
		{374A3709-971F-4C84-9C22-AC08C7DD4B08}.Release|Any CPU.ActiveCfg = Release|Any CPU
		{374A3709-971F-4C84-9C22-AC08C7DD4B08}.Release|Any CPU.Build.0 = Release|Any CPU
		{374A3709-971F-4C84-9C22-AC08C7DD4B08}.Release|ARM.ActiveCfg = Release|Any CPU
		{374A3709-971F-4C84-9C22-AC08C7DD4B08}.Release|ARM.Build.0 = Release|Any CPU
		{374A3709-971F-4C84-9C22-AC08C7DD4B08}.Release|Mixed Platforms.ActiveCfg = Release|Any CPU
		{374A3709-971F-4C84-9C22-AC08C7DD4B08}.Release|Mixed Platforms.Build.0 = Release|Any CPU
		{374A3709-971F-4C84-9C22-AC08C7DD4B08}.Release|x64.ActiveCfg = Release|Any CPU
		{374A3709-971F-4C84-9C22-AC08C7DD4B08}.Release|x64.Build.0 = Release|Any CPU
		{374A3709-971F-4C84-9C22-AC08C7DD4B08}.Release|x86.ActiveCfg = Release|Any CPU
		{374A3709-971F-4C84-9C22-AC08C7DD4B08}.Release|x86.Build.0 = Release|Any CPU
		{417F7621-42CC-4E59-842A-80AB4540DC78}.Debug|Any CPU.ActiveCfg = Debug|x86
		{417F7621-42CC-4E59-842A-80AB4540DC78}.Debug|Any CPU.Build.0 = Debug|x86
		{417F7621-42CC-4E59-842A-80AB4540DC78}.Debug|ARM.ActiveCfg = Debug|x86
		{417F7621-42CC-4E59-842A-80AB4540DC78}.Debug|Mixed Platforms.ActiveCfg = Debug|x86
		{417F7621-42CC-4E59-842A-80AB4540DC78}.Debug|Mixed Platforms.Build.0 = Debug|x86
		{417F7621-42CC-4E59-842A-80AB4540DC78}.Debug|x64.ActiveCfg = Debug|x86
		{417F7621-42CC-4E59-842A-80AB4540DC78}.Debug|x86.ActiveCfg = Debug|x86
		{417F7621-42CC-4E59-842A-80AB4540DC78}.Debug|x86.Build.0 = Debug|x86
		{417F7621-42CC-4E59-842A-80AB4540DC78}.Release|Any CPU.ActiveCfg = Release|x86
		{417F7621-42CC-4E59-842A-80AB4540DC78}.Release|ARM.ActiveCfg = Release|x86
		{417F7621-42CC-4E59-842A-80AB4540DC78}.Release|Mixed Platforms.ActiveCfg = Release|x86
		{417F7621-42CC-4E59-842A-80AB4540DC78}.Release|Mixed Platforms.Build.0 = Release|x86
		{417F7621-42CC-4E59-842A-80AB4540DC78}.Release|x64.ActiveCfg = Release|x86
		{417F7621-42CC-4E59-842A-80AB4540DC78}.Release|x86.ActiveCfg = Release|x86
		{417F7621-42CC-4E59-842A-80AB4540DC78}.Release|x86.Build.0 = Release|x86
		{4A815E44-31D7-47FD-8A62-45E44D765A73}.Debug|Any CPU.ActiveCfg = Debug|Any CPU
		{4A815E44-31D7-47FD-8A62-45E44D765A73}.Debug|Any CPU.Build.0 = Debug|Any CPU
		{4A815E44-31D7-47FD-8A62-45E44D765A73}.Debug|ARM.ActiveCfg = Debug|Any CPU
		{4A815E44-31D7-47FD-8A62-45E44D765A73}.Debug|Mixed Platforms.ActiveCfg = Debug|Any CPU
		{4A815E44-31D7-47FD-8A62-45E44D765A73}.Debug|Mixed Platforms.Build.0 = Debug|Any CPU
		{4A815E44-31D7-47FD-8A62-45E44D765A73}.Debug|x64.ActiveCfg = Debug|Any CPU
		{4A815E44-31D7-47FD-8A62-45E44D765A73}.Debug|x86.ActiveCfg = Debug|Any CPU
		{4A815E44-31D7-47FD-8A62-45E44D765A73}.Release|Any CPU.ActiveCfg = Release|Any CPU
		{4A815E44-31D7-47FD-8A62-45E44D765A73}.Release|Any CPU.Build.0 = Release|Any CPU
		{4A815E44-31D7-47FD-8A62-45E44D765A73}.Release|ARM.ActiveCfg = Release|Any CPU
		{4A815E44-31D7-47FD-8A62-45E44D765A73}.Release|Mixed Platforms.ActiveCfg = Release|Any CPU
		{4A815E44-31D7-47FD-8A62-45E44D765A73}.Release|Mixed Platforms.Build.0 = Release|Any CPU
		{4A815E44-31D7-47FD-8A62-45E44D765A73}.Release|x64.ActiveCfg = Release|Any CPU
		{4A815E44-31D7-47FD-8A62-45E44D765A73}.Release|x86.ActiveCfg = Release|Any CPU
		{A6D81D0F-40C0-45A1-B2C5-A82EF91BC3F0}.Debug|Any CPU.ActiveCfg = Debug|Any CPU
		{A6D81D0F-40C0-45A1-B2C5-A82EF91BC3F0}.Debug|Any CPU.Build.0 = Debug|Any CPU
		{A6D81D0F-40C0-45A1-B2C5-A82EF91BC3F0}.Debug|Any CPU.Deploy.0 = Debug|Any CPU
		{A6D81D0F-40C0-45A1-B2C5-A82EF91BC3F0}.Debug|ARM.ActiveCfg = Debug|ARM
		{A6D81D0F-40C0-45A1-B2C5-A82EF91BC3F0}.Debug|ARM.Build.0 = Debug|ARM
		{A6D81D0F-40C0-45A1-B2C5-A82EF91BC3F0}.Debug|ARM.Deploy.0 = Debug|ARM
		{A6D81D0F-40C0-45A1-B2C5-A82EF91BC3F0}.Debug|Mixed Platforms.ActiveCfg = Debug|x86
		{A6D81D0F-40C0-45A1-B2C5-A82EF91BC3F0}.Debug|Mixed Platforms.Build.0 = Debug|x86
		{A6D81D0F-40C0-45A1-B2C5-A82EF91BC3F0}.Debug|Mixed Platforms.Deploy.0 = Debug|x86
		{A6D81D0F-40C0-45A1-B2C5-A82EF91BC3F0}.Debug|x64.ActiveCfg = Debug|x64
		{A6D81D0F-40C0-45A1-B2C5-A82EF91BC3F0}.Debug|x64.Build.0 = Debug|x64
		{A6D81D0F-40C0-45A1-B2C5-A82EF91BC3F0}.Debug|x64.Deploy.0 = Debug|x64
		{A6D81D0F-40C0-45A1-B2C5-A82EF91BC3F0}.Debug|x86.ActiveCfg = Debug|x86
		{A6D81D0F-40C0-45A1-B2C5-A82EF91BC3F0}.Debug|x86.Build.0 = Debug|x86
		{A6D81D0F-40C0-45A1-B2C5-A82EF91BC3F0}.Debug|x86.Deploy.0 = Debug|x86
		{A6D81D0F-40C0-45A1-B2C5-A82EF91BC3F0}.Release|Any CPU.ActiveCfg = Release|Any CPU
		{A6D81D0F-40C0-45A1-B2C5-A82EF91BC3F0}.Release|Any CPU.Build.0 = Release|Any CPU
		{A6D81D0F-40C0-45A1-B2C5-A82EF91BC3F0}.Release|Any CPU.Deploy.0 = Release|Any CPU
		{A6D81D0F-40C0-45A1-B2C5-A82EF91BC3F0}.Release|ARM.ActiveCfg = Release|ARM
		{A6D81D0F-40C0-45A1-B2C5-A82EF91BC3F0}.Release|ARM.Build.0 = Release|ARM
		{A6D81D0F-40C0-45A1-B2C5-A82EF91BC3F0}.Release|ARM.Deploy.0 = Release|ARM
		{A6D81D0F-40C0-45A1-B2C5-A82EF91BC3F0}.Release|Mixed Platforms.ActiveCfg = Release|x86
		{A6D81D0F-40C0-45A1-B2C5-A82EF91BC3F0}.Release|Mixed Platforms.Build.0 = Release|x86
		{A6D81D0F-40C0-45A1-B2C5-A82EF91BC3F0}.Release|Mixed Platforms.Deploy.0 = Release|x86
		{A6D81D0F-40C0-45A1-B2C5-A82EF91BC3F0}.Release|x64.ActiveCfg = Release|x64
		{A6D81D0F-40C0-45A1-B2C5-A82EF91BC3F0}.Release|x64.Build.0 = Release|x64
		{A6D81D0F-40C0-45A1-B2C5-A82EF91BC3F0}.Release|x64.Deploy.0 = Release|x64
		{A6D81D0F-40C0-45A1-B2C5-A82EF91BC3F0}.Release|x86.ActiveCfg = Release|x86
		{A6D81D0F-40C0-45A1-B2C5-A82EF91BC3F0}.Release|x86.Build.0 = Release|x86
		{A6D81D0F-40C0-45A1-B2C5-A82EF91BC3F0}.Release|x86.Deploy.0 = Release|x86
		{A820F3C0-4402-428E-BF6D-0C11B776F884}.Debug|Any CPU.ActiveCfg = Debug|Any CPU
		{A820F3C0-4402-428E-BF6D-0C11B776F884}.Debug|Any CPU.Build.0 = Debug|Any CPU
		{A820F3C0-4402-428E-BF6D-0C11B776F884}.Debug|Any CPU.Deploy.0 = Debug|Any CPU
		{A820F3C0-4402-428E-BF6D-0C11B776F884}.Debug|ARM.ActiveCfg = Debug|ARM
		{A820F3C0-4402-428E-BF6D-0C11B776F884}.Debug|ARM.Build.0 = Debug|ARM
		{A820F3C0-4402-428E-BF6D-0C11B776F884}.Debug|ARM.Deploy.0 = Debug|ARM
		{A820F3C0-4402-428E-BF6D-0C11B776F884}.Debug|Mixed Platforms.ActiveCfg = Debug|x86
		{A820F3C0-4402-428E-BF6D-0C11B776F884}.Debug|Mixed Platforms.Build.0 = Debug|x86
		{A820F3C0-4402-428E-BF6D-0C11B776F884}.Debug|Mixed Platforms.Deploy.0 = Debug|x86
		{A820F3C0-4402-428E-BF6D-0C11B776F884}.Debug|x64.ActiveCfg = Debug|Any CPU
		{A820F3C0-4402-428E-BF6D-0C11B776F884}.Debug|x86.ActiveCfg = Debug|x86
		{A820F3C0-4402-428E-BF6D-0C11B776F884}.Debug|x86.Build.0 = Debug|x86
		{A820F3C0-4402-428E-BF6D-0C11B776F884}.Debug|x86.Deploy.0 = Debug|x86
		{A820F3C0-4402-428E-BF6D-0C11B776F884}.Release|Any CPU.ActiveCfg = Release|Any CPU
		{A820F3C0-4402-428E-BF6D-0C11B776F884}.Release|Any CPU.Build.0 = Release|Any CPU
		{A820F3C0-4402-428E-BF6D-0C11B776F884}.Release|Any CPU.Deploy.0 = Release|Any CPU
		{A820F3C0-4402-428E-BF6D-0C11B776F884}.Release|ARM.ActiveCfg = Release|ARM
		{A820F3C0-4402-428E-BF6D-0C11B776F884}.Release|ARM.Build.0 = Release|ARM
		{A820F3C0-4402-428E-BF6D-0C11B776F884}.Release|ARM.Deploy.0 = Release|ARM
		{A820F3C0-4402-428E-BF6D-0C11B776F884}.Release|Mixed Platforms.ActiveCfg = Release|x86
		{A820F3C0-4402-428E-BF6D-0C11B776F884}.Release|Mixed Platforms.Build.0 = Release|x86
		{A820F3C0-4402-428E-BF6D-0C11B776F884}.Release|Mixed Platforms.Deploy.0 = Release|x86
		{A820F3C0-4402-428E-BF6D-0C11B776F884}.Release|x64.ActiveCfg = Release|Any CPU
		{A820F3C0-4402-428E-BF6D-0C11B776F884}.Release|x86.ActiveCfg = Release|x86
		{A820F3C0-4402-428E-BF6D-0C11B776F884}.Release|x86.Build.0 = Release|x86
		{A820F3C0-4402-428E-BF6D-0C11B776F884}.Release|x86.Deploy.0 = Release|x86
	EndGlobalSection
	GlobalSection(NestedProjects) = preSolution
		{6C0144D9-F098-4905-8926-E78B74587BD4} = {2C8992C2-9216-41B5-84AE-AA6096D1D0D1}
		{A6D81D0F-40C0-45A1-B2C5-A82EF91BC3F0} = {2C8992C2-9216-41B5-84AE-AA6096D1D0D1}
		{A820F3C0-4402-428E-BF6D-0C11B776F884} = {2C8992C2-9216-41B5-84AE-AA6096D1D0D1}
		{374A3709-971F-4C84-9C22-AC08C7DD4B08} = {2C8992C2-9216-41B5-84AE-AA6096D1D0D1}
	EndGlobalSection
	GlobalSection(SharedMSBuildProjectFiles) = preSolution
		IntegrationDemoApp\IntegrationDemoApp.Shared\IntegrationDemoApp.Shared.projitems*{a820f3c0-4402-428e-bf6d-0c11b776f884}*SharedItemsImports = 4
		IntegrationDemoApp\IntegrationDemoApp.Shared\IntegrationDemoApp.Shared.projitems*{a6d81d0f-40c0-45a1-b2c5-a82ef91bc3f0}*SharedItemsImports = 4
		IntegrationDemoApp\IntegrationDemoApp.Shared\IntegrationDemoApp.Shared.projitems*{6c0144d9-f098-4905-8926-e78b74587bd4}*SharedItemsImports = 13
	EndGlobalSection
	GlobalSection(SolutionProperties) = preSolution
		HideSolutionNode = FALSE
	EndGlobalSection
	GlobalSection(TestCaseManagementSettings) = postSolution
		CategoryFile = XamlPreprocessor.vsmdi
	EndGlobalSection
EndGlobal
